github.com/reconditematter/kgeo v1.1.0 h1:DdFq6H8XBcGyjFSfM0B6P6tS8UVY7pBLtStEG/FiQUI=
github.com/reconditematter/kgeo v1.1.0/go.mod h1:Ej4eFa+4Q95bWjYSl+VFamAPq/y7bzDo4Z6H5kcTOLI=
github.com/reconditematter/mym v1.1.0 h1:8tNAypdjkWoBYls59HCCB58d2K7bAK7LUm1Ue2HtyAc=
github.com/reconditematter/mym v1.1.0/go.mod h1:x5wu8yuppr7GLVxzwZQ1Ulmw7QUywX6EeyBIdslubmM=
