github.com/reconditematter/kgeo v0.0.0-20210208205339-0813120ff0a7 h1:IMqmJtBGfAzSoAIXCjnYUvWbUotyGdqZCF17OQxguAI=
github.com/reconditematter/kgeo v0.0.0-20210208205339-0813120ff0a7/go.mod h1:Diw22lyFg4LXvvWjvnEFeRV8F5sQutoS1vEki+nTouI=
github.com/reconditematter/mym v1.1.0 h1:8tNAypdjkWoBYls59HCCB58d2K7bAK7LUm1Ue2HtyAc=
github.com/reconditematter/mym v1.1.0/go.mod h1:x5wu8yuppr7GLVxzwZQ1Ulmw7QUywX6EeyBIdslubmM=
